
Microsoft Visual Studio Solution File, Format Version 12.00
# Visual Studio Version 17
VisualStudioVersion = 17.5.33627.172
MinimumVisualStudioVersion = 10.0.40219.1
Project("{FAE04EC0-301F-11D3-BF4B-00C04F79EFBC}") = "СW2", "СW2\СW2.csproj", "{D2F5C306-FBF3-4FEC-A29D-F054AB0D575A}"
EndProject
Project("{FAE04EC0-301F-11D3-BF4B-00C04F79EFBC}") = "InputTests", "InputTests\InputTests.csproj", "{C42BC31A-F831-47A6-B019-A2C364A410C6}"
EndProject
Global
	GlobalSection(SolutionConfigurationPlatforms) = preSolution
		Debug|Any CPU = Debug|Any CPU
		Release|Any CPU = Release|Any CPU
	EndGlobalSection
	GlobalSection(ProjectConfigurationPlatforms) = postSolution
		{D2F5C306-FBF3-4FEC-A29D-F054AB0D575A}.Debug|Any CPU.ActiveCfg = Debug|Any CPU
		{D2F5C306-FBF3-4FEC-A29D-F054AB0D575A}.Debug|Any CPU.Build.0 = Debug|Any CPU
		{D2F5C306-FBF3-4FEC-A29D-F054AB0D575A}.Release|Any CPU.ActiveCfg = Release|Any CPU
		{D2F5C306-FBF3-4FEC-A29D-F054AB0D575A}.Release|Any CPU.Build.0 = Release|Any CPU
		{C42BC31A-F831-47A6-B019-A2C364A410C6}.Debug|Any CPU.ActiveCfg = Debug|Any CPU
		{C42BC31A-F831-47A6-B019-A2C364A410C6}.Debug|Any CPU.Build.0 = Debug|Any CPU
		{C42BC31A-F831-47A6-B019-A2C364A410C6}.Release|Any CPU.ActiveCfg = Release|Any CPU
		{C42BC31A-F831-47A6-B019-A2C364A410C6}.Release|Any CPU.Build.0 = Release|Any CPU
	EndGlobalSection
	GlobalSection(SolutionProperties) = preSolution
		HideSolutionNode = FALSE
	EndGlobalSection
	GlobalSection(ExtensibilityGlobals) = postSolution
		SolutionGuid = {222E562F-FC7F-46C6-91ED-AF6B2C1BEB0B}
	EndGlobalSection
EndGlobal
